
Microsoft Visual Studio Solution File, Format Version 12.00
# Visual Studio Version 17
VisualStudioVersion = 17.14.36429.23 d17.14
MinimumVisualStudioVersion = 10.0.40219.1
Project("{FAE04EC0-301F-11D3-BF4B-00C04F79EFBC}") = "LibraryManagement", "LibraryManagement.csproj", "{D08741E4-E88B-4F62-BAB1-8D1E6874FB3A}"
EndProject
Global
	GlobalSection(SolutionConfigurationPlatforms) = preSolution
		Debug|Any CPU = Debug|Any CPU
		Release|Any CPU = Release|Any CPU
	EndGlobalSection
	GlobalSection(ProjectConfigurationPlatforms) = postSolution
		{D08741E4-E88B-4F62-BAB1-8D1E6874FB3A}.Debug|Any CPU.ActiveCfg = Debug|Any CPU
		{D08741E4-E88B-4F62-BAB1-8D1E6874FB3A}.Debug|Any CPU.Build.0 = Debug|Any CPU
		{D08741E4-E88B-4F62-BAB1-8D1E6874FB3A}.Release|Any CPU.ActiveCfg = Release|Any CPU
		{D08741E4-E88B-4F62-BAB1-8D1E6874FB3A}.Release|Any CPU.Build.0 = Release|Any CPU
	EndGlobalSection
	GlobalSection(SolutionProperties) = preSolution
		HideSolutionNode = FALSE
	EndGlobalSection
	GlobalSection(ExtensibilityGlobals) = postSolution
		SolutionGuid = {2FAF43BD-7FBD-406F-8436-DA4D27E0914C}
	EndGlobalSection
EndGlobal
